// !$*UTF8*$!
{
	archiveVersion = 1;
	classes = {
	};
	objectVersion = 51;
	objects = {

/* Begin PBXBuildFile section */
		3D43D244D1292F9C57386786 /* Pods_Crash_Investigation.framework in Frameworks */ = {isa = PBXBuildFile; fileRef = 366D7F127B4EB031071CCD78 /* Pods_Crash_Investigation.framework */; };
		4724F49B23A53241007C5F43 /* LayerContainer.swift in Sources */ = {isa = PBXBuildFile; fileRef = 4724F49A23A53241007C5F43 /* LayerContainer.swift */; };
		47437DE923A5271E008A0FD9 /* MapView.swift in Sources */ = {isa = PBXBuildFile; fileRef = 47437DE823A5271E008A0FD9 /* MapView.swift */; };
		474CD35D23A4EDB20071118D /* AppDelegate.swift in Sources */ = {isa = PBXBuildFile; fileRef = 474CD35C23A4EDB20071118D /* AppDelegate.swift */; };
		474CD35F23A4EDB20071118D /* SceneDelegate.swift in Sources */ = {isa = PBXBuildFile; fileRef = 474CD35E23A4EDB20071118D /* SceneDelegate.swift */; };
		474CD36123A4EDB20071118D /* ContentView.swift in Sources */ = {isa = PBXBuildFile; fileRef = 474CD36023A4EDB20071118D /* ContentView.swift */; };
		474CD36323A4EDB80071118D /* Assets.xcassets in Resources */ = {isa = PBXBuildFile; fileRef = 474CD36223A4EDB80071118D /* Assets.xcassets */; };
		474CD36623A4EDB80071118D /* Preview Assets.xcassets in Resources */ = {isa = PBXBuildFile; fileRef = 474CD36523A4EDB80071118D /* Preview Assets.xcassets */; };
		474CD36923A4EDB80071118D /* LaunchScreen.storyboard in Resources */ = {isa = PBXBuildFile; fileRef = 474CD36723A4EDB80071118D /* LaunchScreen.storyboard */; };
		474CD37223A4F14A0071118D /* MapViewController.swift in Sources */ = {isa = PBXBuildFile; fileRef = 474CD37123A4F14A0071118D /* MapViewController.swift */; };
		474CD37623A4F33B0071118D /* FeatureListView.swift in Sources */ = {isa = PBXBuildFile; fileRef = 474CD37523A4F33B0071118D /* FeatureListView.swift */; };
		474CD37A23A4F5120071118D /* PortalWrapper.swift in Sources */ = {isa = PBXBuildFile; fileRef = 474CD37923A4F5120071118D /* PortalWrapper.swift */; };
/* End PBXBuildFile section */

/* Begin PBXFileReference section */
		1DC9235C0CCCFB90112C6EED /* Pods-Crash Investigation.debug.xcconfig */ = {isa = PBXFileReference; includeInIndex = 1; lastKnownFileType = text.xcconfig; name = "Pods-Crash Investigation.debug.xcconfig"; path = "Target Support Files/Pods-Crash Investigation/Pods-Crash Investigation.debug.xcconfig"; sourceTree = "<group>"; };
		366D7F127B4EB031071CCD78 /* Pods_Crash_Investigation.framework */ = {isa = PBXFileReference; explicitFileType = wrapper.framework; includeInIndex = 0; path = Pods_Crash_Investigation.framework; sourceTree = BUILT_PRODUCTS_DIR; };
		3D485145C6F616A7DC3805C1 /* Pods-Crash Investigation.release.xcconfig */ = {isa = PBXFileReference; includeInIndex = 1; lastKnownFileType = text.xcconfig; name = "Pods-Crash Investigation.release.xcconfig"; path = "Target Support Files/Pods-Crash Investigation/Pods-Crash Investigation.release.xcconfig"; sourceTree = "<group>"; };
		4724F49A23A53241007C5F43 /* LayerContainer.swift */ = {isa = PBXFileReference; lastKnownFileType = sourcecode.swift; path = LayerContainer.swift; sourceTree = "<group>"; };
		47437DE823A5271E008A0FD9 /* MapView.swift */ = {isa = PBXFileReference; lastKnownFileType = sourcecode.swift; path = MapView.swift; sourceTree = "<group>"; };
		474CD35923A4EDB20071118D /* Crash Investigation.app */ = {isa = PBXFileReference; explicitFileType = wrapper.application; includeInIndex = 0; path = "Crash Investigation.app"; sourceTree = BUILT_PRODUCTS_DIR; };
		474CD35C23A4EDB20071118D /* AppDelegate.swift */ = {isa = PBXFileReference; lastKnownFileType = sourcecode.swift; path = AppDelegate.swift; sourceTree = "<group>"; };
		474CD35E23A4EDB20071118D /* SceneDelegate.swift */ = {isa = PBXFileReference; lastKnownFileType = sourcecode.swift; path = SceneDelegate.swift; sourceTree = "<group>"; };
		474CD36023A4EDB20071118D /* ContentView.swift */ = {isa = PBXFileReference; lastKnownFileType = sourcecode.swift; path = ContentView.swift; sourceTree = "<group>"; };
		474CD36223A4EDB80071118D /* Assets.xcassets */ = {isa = PBXFileReference; lastKnownFileType = folder.assetcatalog; path = Assets.xcassets; sourceTree = "<group>"; };
		474CD36523A4EDB80071118D /* Preview Assets.xcassets */ = {isa = PBXFileReference; lastKnownFileType = folder.assetcatalog; path = "Preview Assets.xcassets"; sourceTree = "<group>"; };
		474CD36823A4EDB80071118D /* Base */ = {isa = PBXFileReference; lastKnownFileType = file.storyboard; name = Base; path = Base.lproj/LaunchScreen.storyboard; sourceTree = "<group>"; };
		474CD36A23A4EDB80071118D /* Info.plist */ = {isa = PBXFileReference; lastKnownFileType = text.plist.xml; path = Info.plist; sourceTree = "<group>"; };
		474CD37123A4F14A0071118D /* MapViewController.swift */ = {isa = PBXFileReference; lastKnownFileType = sourcecode.swift; path = MapViewController.swift; sourceTree = "<group>"; };
		474CD37523A4F33B0071118D /* FeatureListView.swift */ = {isa = PBXFileReference; lastKnownFileType = sourcecode.swift; path = FeatureListView.swift; sourceTree = "<group>"; };
		474CD37923A4F5120071118D /* PortalWrapper.swift */ = {isa = PBXFileReference; lastKnownFileType = sourcecode.swift; path = PortalWrapper.swift; sourceTree = "<group>"; };
/* End PBXFileReference section */

/* Begin PBXFrameworksBuildPhase section */
		474CD35623A4EDB20071118D /* Frameworks */ = {
			isa = PBXFrameworksBuildPhase;
			buildActionMask = 2147483647;
			files = (
				3D43D244D1292F9C57386786 /* Pods_Crash_Investigation.framework in Frameworks */,
			);
			runOnlyForDeploymentPostprocessing = 0;
		};
/* End PBXFrameworksBuildPhase section */

/* Begin PBXGroup section */
		3481C820FD08996E5C4082C8 /* Frameworks */ = {
			isa = PBXGroup;
			children = (
				366D7F127B4EB031071CCD78 /* Pods_Crash_Investigation.framework */,
			);
			name = Frameworks;
			sourceTree = "<group>";
		};
		4724F49923A53233007C5F43 /* Model */ = {
			isa = PBXGroup;
			children = (
				4724F49A23A53241007C5F43 /* LayerContainer.swift */,
			);
			path = Model;
			sourceTree = "<group>";
		};
		47437DEA23A52853008A0FD9 /* Map */ = {
			isa = PBXGroup;
			children = (
				47437DE823A5271E008A0FD9 /* MapView.swift */,
				474CD37123A4F14A0071118D /* MapViewController.swift */,
			);
			path = Map;
			sourceTree = "<group>";
		};
		474CD35023A4EDB20071118D = {
			isa = PBXGroup;
			children = (
				474CD35B23A4EDB20071118D /* Crash Investigation */,
				474CD35A23A4EDB20071118D /* Products */,
				8C0E0C19D1D9624D1C8EA64A /* Pods */,
				3481C820FD08996E5C4082C8 /* Frameworks */,
			);
			sourceTree = "<group>";
		};
		474CD35A23A4EDB20071118D /* Products */ = {
			isa = PBXGroup;
			children = (
				474CD35923A4EDB20071118D /* Crash Investigation.app */,
			);
			name = Products;
			sourceTree = "<group>";
		};
		474CD35B23A4EDB20071118D /* Crash Investigation */ = {
			isa = PBXGroup;
			children = (
				474CD35C23A4EDB20071118D /* AppDelegate.swift */,
				474CD37923A4F5120071118D /* PortalWrapper.swift */,
				474CD35E23A4EDB20071118D /* SceneDelegate.swift */,
				4724F49923A53233007C5F43 /* Model */,
				474CD37023A4F1220071118D /* UI */,
				474CD36223A4EDB80071118D /* Assets.xcassets */,
				474CD36723A4EDB80071118D /* LaunchScreen.storyboard */,
				474CD36A23A4EDB80071118D /* Info.plist */,
				474CD36423A4EDB80071118D /* Preview Content */,
			);
			path = "Crash Investigation";
			sourceTree = "<group>";
		};
		474CD36423A4EDB80071118D /* Preview Content */ = {
			isa = PBXGroup;
			children = (
				474CD36523A4EDB80071118D /* Preview Assets.xcassets */,
			);
			path = "Preview Content";
			sourceTree = "<group>";
		};
		474CD37023A4F1220071118D /* UI */ = {
			isa = PBXGroup;
			children = (
				474CD36023A4EDB20071118D /* ContentView.swift */,
				47437DEA23A52853008A0FD9 /* Map */,
				474CD37523A4F33B0071118D /* FeatureListView.swift */,
			);
			path = UI;
			sourceTree = "<group>";
		};
		8C0E0C19D1D9624D1C8EA64A /* Pods */ = {
			isa = PBXGroup;
			children = (
				1DC9235C0CCCFB90112C6EED /* Pods-Crash Investigation.debug.xcconfig */,
				3D485145C6F616A7DC3805C1 /* Pods-Crash Investigation.release.xcconfig */,
			);
			path = Pods;
			sourceTree = "<group>";
		};
/* End PBXGroup section */

/* Begin PBXNativeTarget section */
		474CD35823A4EDB20071118D /* Crash Investigation */ = {
			isa = PBXNativeTarget;
			buildConfigurationList = 474CD36D23A4EDB80071118D /* Build configuration list for PBXNativeTarget "Crash Investigation" */;
			buildPhases = (
				56F26E0F8CA6C718173CFB77 /* [CP] Check Pods Manifest.lock */,
				474CD35523A4EDB20071118D /* Sources */,
				474CD35623A4EDB20071118D /* Frameworks */,
				474CD35723A4EDB20071118D /* Resources */,
				0466328401A55CA44613EE71 /* [CP] Embed Pods Frameworks */,
			);
			buildRules = (
			);
			dependencies = (
			);
			name = "Crash Investigation";
			productName = "Crash Investigation";
			productReference = 474CD35923A4EDB20071118D /* Crash Investigation.app */;
			productType = "com.apple.product-type.application";
		};
/* End PBXNativeTarget section */

/* Begin PBXProject section */
		474CD35123A4EDB20071118D /* Project object */ = {
			isa = PBXProject;
			attributes = {
				LastSwiftUpdateCheck = 1110;
				LastUpgradeCheck = 1110;
				ORGANIZATIONNAME = "Serhii Kyrylenko";
				TargetAttributes = {
					474CD35823A4EDB20071118D = {
						CreatedOnToolsVersion = 11.1;
					};
				};
			};
			buildConfigurationList = 474CD35423A4EDB20071118D /* Build configuration list for PBXProject "Crash Investigation" */;
			compatibilityVersion = "Xcode 9.3";
			developmentRegion = en;
			hasScannedForEncodings = 0;
			knownRegions = (
				en,
				Base,
			);
			mainGroup = 474CD35023A4EDB20071118D;
			productRefGroup = 474CD35A23A4EDB20071118D /* Products */;
			projectDirPath = "";
			projectRoot = "";
			targets = (
				474CD35823A4EDB20071118D /* Crash Investigation */,
			);
		};
/* End PBXProject section */

/* Begin PBXResourcesBuildPhase section */
		474CD35723A4EDB20071118D /* Resources */ = {
			isa = PBXResourcesBuildPhase;
			buildActionMask = 2147483647;
			files = (
				474CD36923A4EDB80071118D /* LaunchScreen.storyboard in Resources */,
				474CD36623A4EDB80071118D /* Preview Assets.xcassets in Resources */,
				474CD36323A4EDB80071118D /* Assets.xcassets in Resources */,
			);
			runOnlyForDeploymentPostprocessing = 0;
		};
/* End PBXResourcesBuildPhase section */

/* Begin PBXShellScriptBuildPhase section */
		0466328401A55CA44613EE71 /* [CP] Embed Pods Frameworks */ = {
			isa = PBXShellScriptBuildPhase;
			buildActionMask = 2147483647;
			files = (
			);
			inputFileListPaths = (
				"${PODS_ROOT}/Target Support Files/Pods-Crash Investigation/Pods-Crash Investigation-frameworks-${CONFIGURATION}-input-files.xcfilelist",
			);
			name = "[CP] Embed Pods Frameworks";
			outputFileListPaths = (
				"${PODS_ROOT}/Target Support Files/Pods-Crash Investigation/Pods-Crash Investigation-frameworks-${CONFIGURATION}-output-files.xcfilelist",
			);
			runOnlyForDeploymentPostprocessing = 0;
			shellPath = /bin/sh;
			shellScript = "\"${PODS_ROOT}/Target Support Files/Pods-Crash Investigation/Pods-Crash Investigation-frameworks.sh\"\n";
			showEnvVarsInLog = 0;
		};
		56F26E0F8CA6C718173CFB77 /* [CP] Check Pods Manifest.lock */ = {
			isa = PBXShellScriptBuildPhase;
			buildActionMask = 2147483647;
			files = (
			);
			inputFileListPaths = (
			);
			inputPaths = (
				"${PODS_PODFILE_DIR_PATH}/Podfile.lock",
				"${PODS_ROOT}/Manifest.lock",
			);
			name = "[CP] Check Pods Manifest.lock";
			outputFileListPaths = (
			);
			outputPaths = (
				"$(DERIVED_FILE_DIR)/Pods-Crash Investigation-checkManifestLockResult.txt",
			);
			runOnlyForDeploymentPostprocessing = 0;
			shellPath = /bin/sh;
			shellScript = "diff \"${PODS_PODFILE_DIR_PATH}/Podfile.lock\" \"${PODS_ROOT}/Manifest.lock\" > /dev/null\nif [ $? != 0 ] ; then\n    # print error to STDERR\n    echo \"error: The sandbox is not in sync with the Podfile.lock. Run 'pod install' or update your CocoaPods installation.\" >&2\n    exit 1\nfi\n# This output is used by Xcode 'outputs' to avoid re-running this script phase.\necho \"SUCCESS\" > \"${SCRIPT_OUTPUT_FILE_0}\"\n";
			showEnvVarsInLog = 0;
		};
/* End PBXShellScriptBuildPhase section */

/* Begin PBXSourcesBuildPhase section */
		474CD35523A4EDB20071118D /* Sources */ = {
			isa = PBXSourcesBuildPhase;
			buildActionMask = 2147483647;
			files = (
				47437DE923A5271E008A0FD9 /* MapView.swift in Sources */,
				474CD37A23A4F5120071118D /* PortalWrapper.swift in Sources */,
				474CD35D23A4EDB20071118D /* AppDelegate.swift in Sources */,
				474CD35F23A4EDB20071118D /* SceneDelegate.swift in Sources */,
				474CD37623A4F33B0071118D /* FeatureListView.swift in Sources */,
				4724F49B23A53241007C5F43 /* LayerContainer.swift in Sources */,
				474CD36123A4EDB20071118D /* ContentView.swift in Sources */,
				474CD37223A4F14A0071118D /* MapViewController.swift in Sources */,
			);
			runOnlyForDeploymentPostprocessing = 0;
		};
/* End PBXSourcesBuildPhase section */

/* Begin PBXVariantGroup section */
		474CD36723A4EDB80071118D /* LaunchScreen.storyboard */ = {
			isa = PBXVariantGroup;
			children = (
				474CD36823A4EDB80071118D /* Base */,
			);
			name = LaunchScreen.storyboard;
			sourceTree = "<group>";
		};
/* End PBXVariantGroup section */

/* Begin XCBuildConfiguration section */
		474CD36B23A4EDB80071118D /* Debug */ = {
			isa = XCBuildConfiguration;
			buildSettings = {
				ALWAYS_SEARCH_USER_PATHS = NO;
				CLANG_ANALYZER_NONNULL = YES;
				CLANG_ANALYZER_NUMBER_OBJECT_CONVERSION = YES_AGGRESSIVE;
				CLANG_CXX_LANGUAGE_STANDARD = "gnu++14";
				CLANG_CXX_LIBRARY = "libc++";
				CLANG_ENABLE_MODULES = YES;
				CLANG_ENABLE_OBJC_ARC = YES;
				CLANG_ENABLE_OBJC_WEAK = YES;
				CLANG_WARN_BLOCK_CAPTURE_AUTORELEASING = YES;
				CLANG_WARN_BOOL_CONVERSION = YES;
				CLANG_WARN_COMMA = YES;
				CLANG_WARN_CONSTANT_CONVERSION = YES;
				CLANG_WARN_DEPRECATED_OBJC_IMPLEMENTATIONS = YES;
				CLANG_WARN_DIRECT_OBJC_ISA_USAGE = YES_ERROR;
				CLANG_WARN_DOCUMENTATION_COMMENTS = YES;
				CLANG_WARN_EMPTY_BODY = YES;
				CLANG_WARN_ENUM_CONVERSION = YES;
				CLANG_WARN_INFINITE_RECURSION = YES;
				CLANG_WARN_INT_CONVERSION = YES;
				CLANG_WARN_NON_LITERAL_NULL_CONVERSION = YES;
				CLANG_WARN_OBJC_IMPLICIT_RETAIN_SELF = YES;
				CLANG_WARN_OBJC_LITERAL_CONVERSION = YES;
				CLANG_WARN_OBJC_ROOT_CLASS = YES_ERROR;
				CLANG_WARN_RANGE_LOOP_ANALYSIS = YES;
				CLANG_WARN_STRICT_PROTOTYPES = YES;
				CLANG_WARN_SUSPICIOUS_MOVE = YES;
				CLANG_WARN_UNGUARDED_AVAILABILITY = YES_AGGRESSIVE;
				CLANG_WARN_UNREACHABLE_CODE = YES;
				CLANG_WARN__DUPLICATE_METHOD_MATCH = YES;
				COPY_PHASE_STRIP = NO;
				DEBUG_INFORMATION_FORMAT = dwarf;
				ENABLE_STRICT_OBJC_MSGSEND = YES;
				ENABLE_TESTABILITY = YES;
				GCC_C_LANGUAGE_STANDARD = gnu11;
				GCC_DYNAMIC_NO_PIC = NO;
				GCC_NO_COMMON_BLOCKS = YES;
				GCC_OPTIMIZATION_LEVEL = 0;
				GCC_PREPROCESSOR_DEFINITIONS = (
					"DEBUG=1",
					"$(inherited)",
				);
				GCC_WARN_64_TO_32_BIT_CONVERSION = YES;
				GCC_WARN_ABOUT_RETURN_TYPE = YES_ERROR;
				GCC_WARN_UNDECLARED_SELECTOR = YES;
				GCC_WARN_UNINITIALIZED_AUTOS = YES_AGGRESSIVE;
				GCC_WARN_UNUSED_FUNCTION = YES;
				GCC_WARN_UNUSED_VARIABLE = YES;
				IPHONEOS_DEPLOYMENT_TARGET = 13.1;
				MTL_ENABLE_DEBUG_INFO = INCLUDE_SOURCE;
				MTL_FAST_MATH = YES;
				ONLY_ACTIVE_ARCH = YES;
				SDKROOT = iphoneos;
				SWIFT_ACTIVE_COMPILATION_CONDITIONS = DEBUG;
				SWIFT_OPTIMIZATION_LEVEL = "-Onone";
			};
			name = Debug;
		};
		474CD36C23A4EDB80071118D /* Release */ = {
			isa = XCBuildConfiguration;
			buildSettings = {
				ALWAYS_SEARCH_USER_PATHS = NO;
				CLANG_ANALYZER_NONNULL = YES;
				CLANG_ANALYZER_NUMBER_OBJECT_CONVERSION = YES_AGGRESSIVE;
				CLANG_CXX_LANGUAGE_STANDARD = "gnu++14";
				CLANG_CXX_LIBRARY = "libc++";
				CLANG_ENABLE_MODULES = YES;
				CLANG_ENABLE_OBJC_ARC = YES;
				CLANG_ENABLE_OBJC_WEAK = YES;
				CLANG_WARN_BLOCK_CAPTURE_AUTORELEASING = YES;
				CLANG_WARN_BOOL_CONVERSION = YES;
				CLANG_WARN_COMMA = YES;
				CLANG_WARN_CONSTANT_CONVERSION = YES;
				CLANG_WARN_DEPRECATED_OBJC_IMPLEMENTATIONS = YES;
				CLANG_WARN_DIRECT_OBJC_ISA_USAGE = YES_ERROR;
				CLANG_WARN_DOCUMENTATION_COMMENTS = YES;
				CLANG_WARN_EMPTY_BODY = YES;
				CLANG_WARN_ENUM_CONVERSION = YES;
				CLANG_WARN_INFINITE_RECURSION = YES;
				CLANG_WARN_INT_CONVERSION = YES;
				CLANG_WARN_NON_LITERAL_NULL_CONVERSION = YES;
				CLANG_WARN_OBJC_IMPLICIT_RETAIN_SELF = YES;
				CLANG_WARN_OBJC_LITERAL_CONVERSION = YES;
				CLANG_WARN_OBJC_ROOT_CLASS = YES_ERROR;
				CLANG_WARN_RANGE_LOOP_ANALYSIS = YES;
				CLANG_WARN_STRICT_PROTOTYPES = YES;
				CLANG_WARN_SUSPICIOUS_MOVE = YES;
				CLANG_WARN_UNGUARDED_AVAILABILITY = YES_AGGRESSIVE;
				CLANG_WARN_UNREACHABLE_CODE = YES;
				CLANG_WARN__DUPLICATE_METHOD_MATCH = YES;
				COPY_PHASE_STRIP = NO;
				DEBUG_INFORMATION_FORMAT = "dwarf-with-dsym";
				ENABLE_NS_ASSERTIONS = NO;
				ENABLE_STRICT_OBJC_MSGSEND = YES;
				GCC_C_LANGUAGE_STANDARD = gnu11;
				GCC_NO_COMMON_BLOCKS = YES;
				GCC_WARN_64_TO_32_BIT_CONVERSION = YES;
				GCC_WARN_ABOUT_RETURN_TYPE = YES_ERROR;
				GCC_WARN_UNDECLARED_SELECTOR = YES;
				GCC_WARN_UNINITIALIZED_AUTOS = YES_AGGRESSIVE;
				GCC_WARN_UNUSED_FUNCTION = YES;
				GCC_WARN_UNUSED_VARIABLE = YES;
				IPHONEOS_DEPLOYMENT_TARGET = 13.1;
				MTL_ENABLE_DEBUG_INFO = NO;
				MTL_FAST_MATH = YES;
				SDKROOT = iphoneos;
				SWIFT_COMPILATION_MODE = wholemodule;
				SWIFT_OPTIMIZATION_LEVEL = "-O";
				VALIDATE_PRODUCT = YES;
			};
			name = Release;
		};
		474CD36E23A4EDB80071118D /* Debug */ = {
			isa = XCBuildConfiguration;
			baseConfigurationReference = 1DC9235C0CCCFB90112C6EED /* Pods-Crash Investigation.debug.xcconfig */;
			buildSettings = {
				ASSETCATALOG_COMPILER_APPICON_NAME = AppIcon;
				CODE_SIGN_STYLE = Automatic;
				DEVELOPMENT_ASSET_PATHS = "\"Crash Investigation/Preview Content\"";
				ENABLE_PREVIEWS = YES;
				INFOPLIST_FILE = "Crash Investigation/Info.plist";
				LD_RUNPATH_SEARCH_PATHS = (
					"$(inherited)",
					"@executable_path/Frameworks",
				);
				PRODUCT_BUNDLE_IDENTIFIER = "com.development.Crash-Investigation";
				PRODUCT_NAME = "$(TARGET_NAME)";
				SWIFT_VERSION = 5.0;
				TARGETED_DEVICE_FAMILY = "1,2";
			};
			name = Debug;
		};
		474CD36F23A4EDB80071118D /* Release */ = {
			isa = XCBuildConfiguration;
			baseConfigurationReference = 3D485145C6F616A7DC3805C1 /* Pods-Crash Investigation.release.xcconfig */;
			buildSettings = {
				ASSETCATALOG_COMPILER_APPICON_NAME = AppIcon;
				CODE_SIGN_STYLE = Automatic;
				DEVELOPMENT_ASSET_PATHS = "\"Crash Investigation/Preview Content\"";
				ENABLE_PREVIEWS = YES;
				INFOPLIST_FILE = "Crash Investigation/Info.plist";
				LD_RUNPATH_SEARCH_PATHS = (
					"$(inherited)",
					"@executable_path/Frameworks",
				);
				PRODUCT_BUNDLE_IDENTIFIER = "com.development.Crash-Investigation";
				PRODUCT_NAME = "$(TARGET_NAME)";
				SWIFT_VERSION = 5.0;
				TARGETED_DEVICE_FAMILY = "1,2";
			};
			name = Release;
		};
/* End XCBuildConfiguration section */

/* Begin XCConfigurationList section */
		474CD35423A4EDB20071118D /* Build configuration list for PBXProject "Crash Investigation" */ = {
			isa = XCConfigurationList;
			buildConfigurations = (
				474CD36B23A4EDB80071118D /* Debug */,
				474CD36C23A4EDB80071118D /* Release */,
			);
			defaultConfigurationIsVisible = 0;
			defaultConfigurationName = Release;
		};
		474CD36D23A4EDB80071118D /* Build configuration list for PBXNativeTarget "Crash Investigation" */ = {
			isa = XCConfigurationList;
			buildConfigurations = (
				474CD36E23A4EDB80071118D /* Debug */,
				474CD36F23A4EDB80071118D /* Release */,
			);
			defaultConfigurationIsVisible = 0;
			defaultConfigurationName = Release;
		};
/* End XCConfigurationList section */
	};
	rootObject = 474CD35123A4EDB20071118D /* Project object */;
}
